// !$*UTF8*$!
{
	archiveVersion = 1;
	classes = {
	};
	objectVersion = 46;
	objects = {

/* Begin PBXBuildFile section */
		D42088701AF7F60B00306D51 /* AppDelegate.swift in Sources */ = {isa = PBXBuildFile; fileRef = D420886F1AF7F60B00306D51 /* AppDelegate.swift */; };
		D42088741AF7F60B00306D51 /* GameScene.swift in Sources */ = {isa = PBXBuildFile; fileRef = D42088731AF7F60B00306D51 /* GameScene.swift */; };
		D42088761AF7F60B00306D51 /* GameViewController.swift in Sources */ = {isa = PBXBuildFile; fileRef = D42088751AF7F60B00306D51 /* GameViewController.swift */; };
		D42088791AF7F60B00306D51 /* Main.storyboard in Resources */ = {isa = PBXBuildFile; fileRef = D42088771AF7F60B00306D51 /* Main.storyboard */; };
		D420887B1AF7F60B00306D51 /* Images.xcassets in Resources */ = {isa = PBXBuildFile; fileRef = D420887A1AF7F60B00306D51 /* Images.xcassets */; };
		D420887E1AF7F60B00306D51 /* LaunchScreen.xib in Resources */ = {isa = PBXBuildFile; fileRef = D420887C1AF7F60B00306D51 /* LaunchScreen.xib */; };
		D420888A1AF7F60B00306D51 /* SpriteKit1Tests.swift in Sources */ = {isa = PBXBuildFile; fileRef = D42088891AF7F60B00306D51 /* SpriteKit1Tests.swift */; };
		D42088951AF7F94500306D51 /* Sounds in Resources */ = {isa = PBXBuildFile; fileRef = D42088931AF7F94500306D51 /* Sounds */; };
		D42088961AF7F94500306D51 /* sprites.atlas in Resources */ = {isa = PBXBuildFile; fileRef = D42088941AF7F94500306D51 /* sprites.atlas */; };
		D42088981AF8041D00306D51 /* AVFoundation.framework in Frameworks */ = {isa = PBXBuildFile; fileRef = D42088971AF8041D00306D51 /* AVFoundation.framework */; };
		D420889A1AF807FC00306D51 /* GameOverScene.swift in Sources */ = {isa = PBXBuildFile; fileRef = D42088991AF807FC00306D51 /* GameOverScene.swift */; };
/* End PBXBuildFile section */

/* Begin PBXContainerItemProxy section */
		D42088841AF7F60B00306D51 /* PBXContainerItemProxy */ = {
			isa = PBXContainerItemProxy;
			containerPortal = D42088621AF7F60B00306D51 /* Project object */;
			proxyType = 1;
			remoteGlobalIDString = D42088691AF7F60B00306D51;
			remoteInfo = SpriteKit1;
		};
/* End PBXContainerItemProxy section */

/* Begin PBXFileReference section */
		D420886A1AF7F60B00306D51 /* SpriteKit1.app */ = {isa = PBXFileReference; explicitFileType = wrapper.application; includeInIndex = 0; path = SpriteKit1.app; sourceTree = BUILT_PRODUCTS_DIR; };
		D420886E1AF7F60B00306D51 /* Info.plist */ = {isa = PBXFileReference; lastKnownFileType = text.plist.xml; path = Info.plist; sourceTree = "<group>"; };
		D420886F1AF7F60B00306D51 /* AppDelegate.swift */ = {isa = PBXFileReference; lastKnownFileType = sourcecode.swift; path = AppDelegate.swift; sourceTree = "<group>"; };
		D42088731AF7F60B00306D51 /* GameScene.swift */ = {isa = PBXFileReference; lastKnownFileType = sourcecode.swift; path = GameScene.swift; sourceTree = "<group>"; };
		D42088751AF7F60B00306D51 /* GameViewController.swift */ = {isa = PBXFileReference; lastKnownFileType = sourcecode.swift; path = GameViewController.swift; sourceTree = "<group>"; };
		D42088781AF7F60B00306D51 /* Base */ = {isa = PBXFileReference; lastKnownFileType = file.storyboard; name = Base; path = Base.lproj/Main.storyboard; sourceTree = "<group>"; };
		D420887A1AF7F60B00306D51 /* Images.xcassets */ = {isa = PBXFileReference; lastKnownFileType = folder.assetcatalog; path = Images.xcassets; sourceTree = "<group>"; };
		D420887D1AF7F60B00306D51 /* Base */ = {isa = PBXFileReference; lastKnownFileType = file.xib; name = Base; path = Base.lproj/LaunchScreen.xib; sourceTree = "<group>"; };
		D42088831AF7F60B00306D51 /* SpriteKit1Tests.xctest */ = {isa = PBXFileReference; explicitFileType = wrapper.cfbundle; includeInIndex = 0; path = SpriteKit1Tests.xctest; sourceTree = BUILT_PRODUCTS_DIR; };
		D42088881AF7F60B00306D51 /* Info.plist */ = {isa = PBXFileReference; lastKnownFileType = text.plist.xml; path = Info.plist; sourceTree = "<group>"; };
		D42088891AF7F60B00306D51 /* SpriteKit1Tests.swift */ = {isa = PBXFileReference; lastKnownFileType = sourcecode.swift; path = SpriteKit1Tests.swift; sourceTree = "<group>"; };
		D42088931AF7F94500306D51 /* Sounds */ = {isa = PBXFileReference; lastKnownFileType = folder; path = Sounds; sourceTree = "<group>"; };
		D42088941AF7F94500306D51 /* sprites.atlas */ = {isa = PBXFileReference; lastKnownFileType = folder.skatlas; path = sprites.atlas; sourceTree = "<group>"; };
		D42088971AF8041D00306D51 /* AVFoundation.framework */ = {isa = PBXFileReference; lastKnownFileType = wrapper.framework; name = AVFoundation.framework; path = System/Library/Frameworks/AVFoundation.framework; sourceTree = SDKROOT; };
		D42088991AF807FC00306D51 /* GameOverScene.swift */ = {isa = PBXFileReference; fileEncoding = 4; lastKnownFileType = sourcecode.swift; name = GameOverScene.swift; path = ../GameOverScene.swift; sourceTree = "<group>"; };
/* End PBXFileReference section */

/* Begin PBXFrameworksBuildPhase section */
		D42088671AF7F60B00306D51 /* Frameworks */ = {
			isa = PBXFrameworksBuildPhase;
			buildActionMask = 2147483647;
			files = (
				D42088981AF8041D00306D51 /* AVFoundation.framework in Frameworks */,
			);
			runOnlyForDeploymentPostprocessing = 0;
		};
		D42088801AF7F60B00306D51 /* Frameworks */ = {
			isa = PBXFrameworksBuildPhase;
			buildActionMask = 2147483647;
			files = (
			);
			runOnlyForDeploymentPostprocessing = 0;
		};
/* End PBXFrameworksBuildPhase section */

/* Begin PBXGroup section */
		D42088611AF7F60B00306D51 = {
			isa = PBXGroup;
			children = (
				D42088971AF8041D00306D51 /* AVFoundation.framework */,
				D420886C1AF7F60B00306D51 /* SpriteKit1 */,
				D42088861AF7F60B00306D51 /* SpriteKit1Tests */,
				D420886B1AF7F60B00306D51 /* Products */,
			);
			sourceTree = "<group>";
		};
		D420886B1AF7F60B00306D51 /* Products */ = {
			isa = PBXGroup;
			children = (
				D420886A1AF7F60B00306D51 /* SpriteKit1.app */,
				D42088831AF7F60B00306D51 /* SpriteKit1Tests.xctest */,
			);
			name = Products;
			sourceTree = "<group>";
		};
		D420886C1AF7F60B00306D51 /* SpriteKit1 */ = {
			isa = PBXGroup;
			children = (
				D42088931AF7F94500306D51 /* Sounds */,
				D42088941AF7F94500306D51 /* sprites.atlas */,
				D420886F1AF7F60B00306D51 /* AppDelegate.swift */,
				D42088731AF7F60B00306D51 /* GameScene.swift */,
				D42088751AF7F60B00306D51 /* GameViewController.swift */,
				D42088991AF807FC00306D51 /* GameOverScene.swift */,
				D42088771AF7F60B00306D51 /* Main.storyboard */,
				D420887A1AF7F60B00306D51 /* Images.xcassets */,
				D420887C1AF7F60B00306D51 /* LaunchScreen.xib */,
				D420886D1AF7F60B00306D51 /* Supporting Files */,
			);
			path = SpriteKit1;
			sourceTree = "<group>";
		};
		D420886D1AF7F60B00306D51 /* Supporting Files */ = {
			isa = PBXGroup;
			children = (
				D420886E1AF7F60B00306D51 /* Info.plist */,
			);
			name = "Supporting Files";
			sourceTree = "<group>";
		};
		D42088861AF7F60B00306D51 /* SpriteKit1Tests */ = {
			isa = PBXGroup;
			children = (
				D42088891AF7F60B00306D51 /* SpriteKit1Tests.swift */,
				D42088871AF7F60B00306D51 /* Supporting Files */,
			);
			path = SpriteKit1Tests;
			sourceTree = "<group>";
		};
		D42088871AF7F60B00306D51 /* Supporting Files */ = {
			isa = PBXGroup;
			children = (
				D42088881AF7F60B00306D51 /* Info.plist */,
			);
			name = "Supporting Files";
			sourceTree = "<group>";
		};
/* End PBXGroup section */

/* Begin PBXNativeTarget section */
		D42088691AF7F60B00306D51 /* SpriteKit1 */ = {
			isa = PBXNativeTarget;
			buildConfigurationList = D420888D1AF7F60B00306D51 /* Build configuration list for PBXNativeTarget "SpriteKit1" */;
			buildPhases = (
				D42088661AF7F60B00306D51 /* Sources */,
				D42088671AF7F60B00306D51 /* Frameworks */,
				D42088681AF7F60B00306D51 /* Resources */,
			);
			buildRules = (
			);
			dependencies = (
			);
			name = SpriteKit1;
			productName = SpriteKit1;
			productReference = D420886A1AF7F60B00306D51 /* SpriteKit1.app */;
			productType = "com.apple.product-type.application";
		};
		D42088821AF7F60B00306D51 /* SpriteKit1Tests */ = {
			isa = PBXNativeTarget;
			buildConfigurationList = D42088901AF7F60B00306D51 /* Build configuration list for PBXNativeTarget "SpriteKit1Tests" */;
			buildPhases = (
				D420887F1AF7F60B00306D51 /* Sources */,
				D42088801AF7F60B00306D51 /* Frameworks */,
				D42088811AF7F60B00306D51 /* Resources */,
			);
			buildRules = (
			);
			dependencies = (
				D42088851AF7F60B00306D51 /* PBXTargetDependency */,
			);
			name = SpriteKit1Tests;
			productName = SpriteKit1Tests;
			productReference = D42088831AF7F60B00306D51 /* SpriteKit1Tests.xctest */;
			productType = "com.apple.product-type.bundle.unit-test";
		};
/* End PBXNativeTarget section */

/* Begin PBXProject section */
		D42088621AF7F60B00306D51 /* Project object */ = {
			isa = PBXProject;
			attributes = {
				LastUpgradeCheck = 0630;
				ORGANIZATIONNAME = Fernando;
				TargetAttributes = {
					D42088691AF7F60B00306D51 = {
						CreatedOnToolsVersion = 6.3.1;
					};
					D42088821AF7F60B00306D51 = {
						CreatedOnToolsVersion = 6.3.1;
						TestTargetID = D42088691AF7F60B00306D51;
					};
				};
			};
			buildConfigurationList = D42088651AF7F60B00306D51 /* Build configuration list for PBXProject "SpriteKit1" */;
			compatibilityVersion = "Xcode 3.2";
			developmentRegion = English;
			hasScannedForEncodings = 0;
			knownRegions = (
				en,
				Base,
			);
			mainGroup = D42088611AF7F60B00306D51;
			productRefGroup = D420886B1AF7F60B00306D51 /* Products */;
			projectDirPath = "";
			projectRoot = "";
			targets = (
				D42088691AF7F60B00306D51 /* SpriteKit1 */,
				D42088821AF7F60B00306D51 /* SpriteKit1Tests */,
			);
		};
/* End PBXProject section */

/* Begin PBXResourcesBuildPhase section */
		D42088681AF7F60B00306D51 /* Resources */ = {
			isa = PBXResourcesBuildPhase;
			buildActionMask = 2147483647;
			files = (
				D42088961AF7F94500306D51 /* sprites.atlas in Resources */,
				D420887E1AF7F60B00306D51 /* LaunchScreen.xib in Resources */,
				D420887B1AF7F60B00306D51 /* Images.xcassets in Resources */,
				D42088951AF7F94500306D51 /* Sounds in Resources */,
				D42088791AF7F60B00306D51 /* Main.storyboard in Resources */,
			);
			runOnlyForDeploymentPostprocessing = 0;
		};
		D42088811AF7F60B00306D51 /* Resources */ = {
			isa = PBXResourcesBuildPhase;
			buildActionMask = 2147483647;
			files = (
			);
			runOnlyForDeploymentPostprocessing = 0;
		};
/* End PBXResourcesBuildPhase section */

/* Begin PBXSourcesBuildPhase section */
		D42088661AF7F60B00306D51 /* Sources */ = {
			isa = PBXSourcesBuildPhase;
			buildActionMask = 2147483647;
			files = (
				D42088741AF7F60B00306D51 /* GameScene.swift in Sources */,
				D42088761AF7F60B00306D51 /* GameViewController.swift in Sources */,
				D420889A1AF807FC00306D51 /* GameOverScene.swift in Sources */,
				D42088701AF7F60B00306D51 /* AppDelegate.swift in Sources */,
			);
			runOnlyForDeploymentPostprocessing = 0;
		};
		D420887F1AF7F60B00306D51 /* Sources */ = {
			isa = PBXSourcesBuildPhase;
			buildActionMask = 2147483647;
			files = (
				D420888A1AF7F60B00306D51 /* SpriteKit1Tests.swift in Sources */,
			);
			runOnlyForDeploymentPostprocessing = 0;
		};
/* End PBXSourcesBuildPhase section */

/* Begin PBXTargetDependency section */
		D42088851AF7F60B00306D51 /* PBXTargetDependency */ = {
			isa = PBXTargetDependency;
			target = D42088691AF7F60B00306D51 /* SpriteKit1 */;
			targetProxy = D42088841AF7F60B00306D51 /* PBXContainerItemProxy */;
		};
/* End PBXTargetDependency section */

/* Begin PBXVariantGroup section */
		D42088771AF7F60B00306D51 /* Main.storyboard */ = {
			isa = PBXVariantGroup;
			children = (
				D42088781AF7F60B00306D51 /* Base */,
			);
			name = Main.storyboard;
			sourceTree = "<group>";
		};
		D420887C1AF7F60B00306D51 /* LaunchScreen.xib */ = {
			isa = PBXVariantGroup;
			children = (
				D420887D1AF7F60B00306D51 /* Base */,
			);
			name = LaunchScreen.xib;
			sourceTree = "<group>";
		};
/* End PBXVariantGroup section */

/* Begin XCBuildConfiguration section */
		D420888B1AF7F60B00306D51 /* Debug */ = {
			isa = XCBuildConfiguration;
			buildSettings = {
				ALWAYS_SEARCH_USER_PATHS = NO;
				CLANG_CXX_LANGUAGE_STANDARD = "gnu++0x";
				CLANG_CXX_LIBRARY = "libc++";
				CLANG_ENABLE_MODULES = YES;
				CLANG_ENABLE_OBJC_ARC = YES;
				CLANG_WARN_BOOL_CONVERSION = YES;
				CLANG_WARN_CONSTANT_CONVERSION = YES;
				CLANG_WARN_DIRECT_OBJC_ISA_USAGE = YES_ERROR;
				CLANG_WARN_EMPTY_BODY = YES;
				CLANG_WARN_ENUM_CONVERSION = YES;
				CLANG_WARN_INT_CONVERSION = YES;
				CLANG_WARN_OBJC_ROOT_CLASS = YES_ERROR;
				CLANG_WARN_UNREACHABLE_CODE = YES;
				CLANG_WARN__DUPLICATE_METHOD_MATCH = YES;
				"CODE_SIGN_IDENTITY[sdk=iphoneos*]" = "iPhone Developer";
				COPY_PHASE_STRIP = NO;
				DEBUG_INFORMATION_FORMAT = "dwarf-with-dsym";
				ENABLE_STRICT_OBJC_MSGSEND = YES;
				GCC_C_LANGUAGE_STANDARD = gnu99;
				GCC_DYNAMIC_NO_PIC = NO;
				GCC_NO_COMMON_BLOCKS = YES;
				GCC_OPTIMIZATION_LEVEL = 0;
				GCC_PREPROCESSOR_DEFINITIONS = (
					"DEBUG=1",
					"$(inherited)",
				);
				GCC_SYMBOLS_PRIVATE_EXTERN = NO;
				GCC_WARN_64_TO_32_BIT_CONVERSION = YES;
				GCC_WARN_ABOUT_RETURN_TYPE = YES_ERROR;
				GCC_WARN_UNDECLARED_SELECTOR = YES;
				GCC_WARN_UNINITIALIZED_AUTOS = YES_AGGRESSIVE;
				GCC_WARN_UNUSED_FUNCTION = YES;
				GCC_WARN_UNUSED_VARIABLE = YES;
				IPHONEOS_DEPLOYMENT_TARGET = 8.3;
				MTL_ENABLE_DEBUG_INFO = YES;
				ONLY_ACTIVE_ARCH = YES;
				SDKROOT = iphoneos;
				SWIFT_OPTIMIZATION_LEVEL = "-Onone";
			};
			name = Debug;
		};
		D420888C1AF7F60B00306D51 /* Release */ = {
			isa = XCBuildConfiguration;
			buildSettings = {
				ALWAYS_SEARCH_USER_PATHS = NO;
				CLANG_CXX_LANGUAGE_STANDARD = "gnu++0x";
				CLANG_CXX_LIBRARY = "libc++";
				CLANG_ENABLE_MODULES = YES;
				CLANG_ENABLE_OBJC_ARC = YES;
				CLANG_WARN_BOOL_CONVERSION = YES;
				CLANG_WARN_CONSTANT_CONVERSION = YES;
				CLANG_WARN_DIRECT_OBJC_ISA_USAGE = YES_ERROR;
				CLANG_WARN_EMPTY_BODY = YES;
				CLANG_WARN_ENUM_CONVERSION = YES;
				CLANG_WARN_INT_CONVERSION = YES;
				CLANG_WARN_OBJC_ROOT_CLASS = YES_ERROR;
				CLANG_WARN_UNREACHABLE_CODE = YES;
				CLANG_WARN__DUPLICATE_METHOD_MATCH = YES;
				"CODE_SIGN_IDENTITY[sdk=iphoneos*]" = "iPhone Developer";
				COPY_PHASE_STRIP = NO;
				DEBUG_INFORMATION_FORMAT = "dwarf-with-dsym";
				ENABLE_NS_ASSERTIONS = NO;
				ENABLE_STRICT_OBJC_MSGSEND = YES;
				GCC_C_LANGUAGE_STANDARD = gnu99;
				GCC_NO_COMMON_BLOCKS = YES;
				GCC_WARN_64_TO_32_BIT_CONVERSION = YES;
				GCC_WARN_ABOUT_RETURN_TYPE = YES_ERROR;
				GCC_WARN_UNDECLARED_SELECTOR = YES;
				GCC_WARN_UNINITIALIZED_AUTOS = YES_AGGRESSIVE;
				GCC_WARN_UNUSED_FUNCTION = YES;
				GCC_WARN_UNUSED_VARIABLE = YES;
				IPHONEOS_DEPLOYMENT_TARGET = 8.3;
				MTL_ENABLE_DEBUG_INFO = NO;
				SDKROOT = iphoneos;
				VALIDATE_PRODUCT = YES;
			};
			name = Release;
		};
		D420888E1AF7F60B00306D51 /* Debug */ = {
			isa = XCBuildConfiguration;
			buildSettings = {
				ASSETCATALOG_COMPILER_APPICON_NAME = AppIcon;
				INFOPLIST_FILE = SpriteKit1/Info.plist;
				LD_RUNPATH_SEARCH_PATHS = "$(inherited) @executable_path/Frameworks";
				PRODUCT_NAME = "$(TARGET_NAME)";
			};
			name = Debug;
		};
		D420888F1AF7F60B00306D51 /* Release */ = {
			isa = XCBuildConfiguration;
			buildSettings = {
				ASSETCATALOG_COMPILER_APPICON_NAME = AppIcon;
				INFOPLIST_FILE = SpriteKit1/Info.plist;
				LD_RUNPATH_SEARCH_PATHS = "$(inherited) @executable_path/Frameworks";
				PRODUCT_NAME = "$(TARGET_NAME)";
			};
			name = Release;
		};
		D42088911AF7F60B00306D51 /* Debug */ = {
			isa = XCBuildConfiguration;
			buildSettings = {
				BUNDLE_LOADER = "$(TEST_HOST)";
				FRAMEWORK_SEARCH_PATHS = (
					"$(SDKROOT)/Developer/Library/Frameworks",
					"$(inherited)",
				);
				GCC_PREPROCESSOR_DEFINITIONS = (
					"DEBUG=1",
					"$(inherited)",
				);
				INFOPLIST_FILE = SpriteKit1Tests/Info.plist;
				LD_RUNPATH_SEARCH_PATHS = "$(inherited) @executable_path/Frameworks @loader_path/Frameworks";
				PRODUCT_NAME = "$(TARGET_NAME)";
				TEST_HOST = "$(BUILT_PRODUCTS_DIR)/SpriteKit1.app/SpriteKit1";
			};
			name = Debug;
		};
		D42088921AF7F60B00306D51 /* Release */ = {
			isa = XCBuildConfiguration;
			buildSettings = {
				BUNDLE_LOADER = "$(TEST_HOST)";
				FRAMEWORK_SEARCH_PATHS = (
					"$(SDKROOT)/Developer/Library/Frameworks",
					"$(inherited)",
				);
				INFOPLIST_FILE = SpriteKit1Tests/Info.plist;
				LD_RUNPATH_SEARCH_PATHS = "$(inherited) @executable_path/Frameworks @loader_path/Frameworks";
				PRODUCT_NAME = "$(TARGET_NAME)";
				TEST_HOST = "$(BUILT_PRODUCTS_DIR)/SpriteKit1.app/SpriteKit1";
			};
			name = Release;
		};
/* End XCBuildConfiguration section */

/* Begin XCConfigurationList section */
		D42088651AF7F60B00306D51 /* Build configuration list for PBXProject "SpriteKit1" */ = {
			isa = XCConfigurationList;
			buildConfigurations = (
				D420888B1AF7F60B00306D51 /* Debug */,
				D420888C1AF7F60B00306D51 /* Release */,
			);
			defaultConfigurationIsVisible = 0;
			defaultConfigurationName = Release;
		};
		D420888D1AF7F60B00306D51 /* Build configuration list for PBXNativeTarget "SpriteKit1" */ = {
			isa = XCConfigurationList;
			buildConfigurations = (
				D420888E1AF7F60B00306D51 /* Debug */,
				D420888F1AF7F60B00306D51 /* Release */,
			);
			defaultConfigurationIsVisible = 0;
			defaultConfigurationName = Release;
		};
		D42088901AF7F60B00306D51 /* Build configuration list for PBXNativeTarget "SpriteKit1Tests" */ = {
			isa = XCConfigurationList;
			buildConfigurations = (
				D42088911AF7F60B00306D51 /* Debug */,
				D42088921AF7F60B00306D51 /* Release */,
			);
			defaultConfigurationIsVisible = 0;
			defaultConfigurationName = Release;
		};
/* End XCConfigurationList section */
	};
	rootObject = D42088621AF7F60B00306D51 /* Project object */;
}
